
Microsoft Visual Studio Solution File, Format Version 12.00
# Visual Studio Version 16
VisualStudioVersion = 16.0.31729.503
MinimumVisualStudioVersion = 10.0.40219.1
Project("{FAE04EC0-301F-11D3-BF4B-00C04F79EFBC}") = "Module1_Bai2_MinhNhat", "Module1_Bai2_MinhNhat\Module1_Bai2_MinhNhat.csproj", "{EFDD34C6-07D0-4546-B687-EFA132C1302D}"
EndProject
Global
	GlobalSection(SolutionConfigurationPlatforms) = preSolution
		Debug|Any CPU = Debug|Any CPU
		Release|Any CPU = Release|Any CPU
	EndGlobalSection
	GlobalSection(ProjectConfigurationPlatforms) = postSolution
		{EFDD34C6-07D0-4546-B687-EFA132C1302D}.Debug|Any CPU.ActiveCfg = Debug|Any CPU
		{EFDD34C6-07D0-4546-B687-EFA132C1302D}.Debug|Any CPU.Build.0 = Debug|Any CPU
		{EFDD34C6-07D0-4546-B687-EFA132C1302D}.Release|Any CPU.ActiveCfg = Release|Any CPU
		{EFDD34C6-07D0-4546-B687-EFA132C1302D}.Release|Any CPU.Build.0 = Release|Any CPU
	EndGlobalSection
	GlobalSection(SolutionProperties) = preSolution
		HideSolutionNode = FALSE
	EndGlobalSection
	GlobalSection(ExtensibilityGlobals) = postSolution
		SolutionGuid = {296A189F-EE45-4734-BA4F-7E780CA80096}
	EndGlobalSection
EndGlobal
